
Microsoft Visual Studio Solution File, Format Version 12.00
# Visual Studio Version 17
VisualStudioVersion = 17.6.33829.357
MinimumVisualStudioVersion = 10.0.40219.1
Project("{FAE04EC0-301F-11D3-BF4B-00C04F79EFBC}") = "market", "market\market.csproj", "{AC3913D8-F34C-48E7-9BD4-015D4189A739}"
EndProject
Global
	GlobalSection(SolutionConfigurationPlatforms) = preSolution
		Debug|Any CPU = Debug|Any CPU
		Release|Any CPU = Release|Any CPU
	EndGlobalSection
	GlobalSection(ProjectConfigurationPlatforms) = postSolution
		{AC3913D8-F34C-48E7-9BD4-015D4189A739}.Debug|Any CPU.ActiveCfg = Debug|Any CPU
		{AC3913D8-F34C-48E7-9BD4-015D4189A739}.Debug|Any CPU.Build.0 = Debug|Any CPU
		{AC3913D8-F34C-48E7-9BD4-015D4189A739}.Release|Any CPU.ActiveCfg = Release|Any CPU
		{AC3913D8-F34C-48E7-9BD4-015D4189A739}.Release|Any CPU.Build.0 = Release|Any CPU
	EndGlobalSection
	GlobalSection(SolutionProperties) = preSolution
		HideSolutionNode = FALSE
	EndGlobalSection
	GlobalSection(ExtensibilityGlobals) = postSolution
		SolutionGuid = {C6CAD2DC-BA42-48E5-82E9-F44B51D7B8D0}
	EndGlobalSection
EndGlobal
